
Microsoft Visual Studio Solution File, Format Version 12.00
# Visual Studio Version 17
VisualStudioVersion = 17.7.34009.444
MinimumVisualStudioVersion = 10.0.40219.1
Project("{FAE04EC0-301F-11D3-BF4B-00C04F79EFBC}") = "AppLuckyNumber(Server)", "AppLuckyNumber(Server)\AppLuckyNumber(Server).csproj", "{15FCEAEF-B128-4201-BB6C-3841E231AD3B}"
EndProject
Global
	GlobalSection(SolutionConfigurationPlatforms) = preSolution
		Debug|Any CPU = Debug|Any CPU
		Release|Any CPU = Release|Any CPU
	EndGlobalSection
	GlobalSection(ProjectConfigurationPlatforms) = postSolution
		{15FCEAEF-B128-4201-BB6C-3841E231AD3B}.Debug|Any CPU.ActiveCfg = Debug|Any CPU
		{15FCEAEF-B128-4201-BB6C-3841E231AD3B}.Debug|Any CPU.Build.0 = Debug|Any CPU
		{15FCEAEF-B128-4201-BB6C-3841E231AD3B}.Release|Any CPU.ActiveCfg = Release|Any CPU
		{15FCEAEF-B128-4201-BB6C-3841E231AD3B}.Release|Any CPU.Build.0 = Release|Any CPU
	EndGlobalSection
	GlobalSection(SolutionProperties) = preSolution
		HideSolutionNode = FALSE
	EndGlobalSection
	GlobalSection(ExtensibilityGlobals) = postSolution
		SolutionGuid = {05F93B9D-436C-418B-9CC1-9556E6614A04}
	EndGlobalSection
EndGlobal
